
Microsoft Visual Studio Solution File, Format Version 12.00
# Visual Studio Version 16
VisualStudioVersion = 16.0.33920.266
MinimumVisualStudioVersion = 10.0.40219.1
Project("{FAE04EC0-301F-11D3-BF4B-00C04F79EFBC}") = "ArraysAndLists.cs", "ArraysAndLists.cs\ArraysAndLists.cs.csproj", "{9229E2AC-DF9D-40C9-9BC4-0665BC4F2016}"
EndProject
Global
	GlobalSection(SolutionConfigurationPlatforms) = preSolution
		Debug|Any CPU = Debug|Any CPU
		Release|Any CPU = Release|Any CPU
	EndGlobalSection
	GlobalSection(ProjectConfigurationPlatforms) = postSolution
		{9229E2AC-DF9D-40C9-9BC4-0665BC4F2016}.Debug|Any CPU.ActiveCfg = Debug|Any CPU
		{9229E2AC-DF9D-40C9-9BC4-0665BC4F2016}.Debug|Any CPU.Build.0 = Debug|Any CPU
		{9229E2AC-DF9D-40C9-9BC4-0665BC4F2016}.Release|Any CPU.ActiveCfg = Release|Any CPU
		{9229E2AC-DF9D-40C9-9BC4-0665BC4F2016}.Release|Any CPU.Build.0 = Release|Any CPU
	EndGlobalSection
	GlobalSection(SolutionProperties) = preSolution
		HideSolutionNode = FALSE
	EndGlobalSection
	GlobalSection(ExtensibilityGlobals) = postSolution
		SolutionGuid = {EEECF3FF-CAB2-4060-B6A4-07011491A231}
	EndGlobalSection
EndGlobal
