
Microsoft Visual Studio Solution File, Format Version 12.00
# Visual Studio Version 17
VisualStudioVersion = 17.8.34322.80
MinimumVisualStudioVersion = 10.0.40219.1
Project("{F2A71F9B-5D33-465A-A702-920D77279786}") = "BulkyWeb", "BulkyWeb\BulkyWeb.fsproj", "{9B1839D8-EDD6-4EEF-AE1E-6978D8EA7BBF}"
EndProject
Global
	GlobalSection(SolutionConfigurationPlatforms) = preSolution
		Debug|Any CPU = Debug|Any CPU
		Release|Any CPU = Release|Any CPU
	EndGlobalSection
	GlobalSection(ProjectConfigurationPlatforms) = postSolution
		{9B1839D8-EDD6-4EEF-AE1E-6978D8EA7BBF}.Debug|Any CPU.ActiveCfg = Debug|Any CPU
		{9B1839D8-EDD6-4EEF-AE1E-6978D8EA7BBF}.Debug|Any CPU.Build.0 = Debug|Any CPU
		{9B1839D8-EDD6-4EEF-AE1E-6978D8EA7BBF}.Release|Any CPU.ActiveCfg = Release|Any CPU
		{9B1839D8-EDD6-4EEF-AE1E-6978D8EA7BBF}.Release|Any CPU.Build.0 = Release|Any CPU
	EndGlobalSection
	GlobalSection(SolutionProperties) = preSolution
		HideSolutionNode = FALSE
	EndGlobalSection
	GlobalSection(ExtensibilityGlobals) = postSolution
		SolutionGuid = {D593412E-04D5-4336-9682-5A96E5E69D1A}
	EndGlobalSection
EndGlobal
