
Microsoft Visual Studio Solution File, Format Version 12.00
# Visual Studio Version 17
VisualStudioVersion = 17.8.34330.188
MinimumVisualStudioVersion = 10.0.40219.1
Project("{9A19103F-16F7-4668-BE54-9A1E7A4F7556}") = "BulkyWeb", "BulkyWeb\BulkyWeb.csproj", "{7C2D49BC-7C85-4F53-BB0A-7E857736AFE7}"
EndProject
Project("{FAE04EC0-301F-11D3-BF4B-00C04F79EFBC}") = "BulkyWebRazor_Temp", "BulkyWebRazor_Temp\BulkyWebRazor_Temp.csproj", "{5A2B5A07-2327-4EAC-AF63-0DDFBBF4F8BB}"
EndProject
Global
	GlobalSection(SolutionConfigurationPlatforms) = preSolution
		Debug|Any CPU = Debug|Any CPU
		Release|Any CPU = Release|Any CPU
	EndGlobalSection
	GlobalSection(ProjectConfigurationPlatforms) = postSolution
		{7C2D49BC-7C85-4F53-BB0A-7E857736AFE7}.Debug|Any CPU.ActiveCfg = Debug|Any CPU
		{7C2D49BC-7C85-4F53-BB0A-7E857736AFE7}.Debug|Any CPU.Build.0 = Debug|Any CPU
		{7C2D49BC-7C85-4F53-BB0A-7E857736AFE7}.Release|Any CPU.ActiveCfg = Release|Any CPU
		{7C2D49BC-7C85-4F53-BB0A-7E857736AFE7}.Release|Any CPU.Build.0 = Release|Any CPU
		{5A2B5A07-2327-4EAC-AF63-0DDFBBF4F8BB}.Debug|Any CPU.ActiveCfg = Debug|Any CPU
		{5A2B5A07-2327-4EAC-AF63-0DDFBBF4F8BB}.Debug|Any CPU.Build.0 = Debug|Any CPU
		{5A2B5A07-2327-4EAC-AF63-0DDFBBF4F8BB}.Release|Any CPU.ActiveCfg = Release|Any CPU
		{5A2B5A07-2327-4EAC-AF63-0DDFBBF4F8BB}.Release|Any CPU.Build.0 = Release|Any CPU
	EndGlobalSection
	GlobalSection(SolutionProperties) = preSolution
		HideSolutionNode = FALSE
	EndGlobalSection
	GlobalSection(ExtensibilityGlobals) = postSolution
		SolutionGuid = {BE865C14-7502-4B3B-9313-934DE910B4F9}
	EndGlobalSection
EndGlobal
