
Microsoft Visual Studio Solution File, Format Version 12.00
# Visual Studio Version 17
VisualStudioVersion = 17.5.002.0
MinimumVisualStudioVersion = 10.0.40219.1
Project("{2150E333-8FDC-42A3-9474-1A3956D46DE8}") = "ChallengeProject", "ChallengeProject", "{62E5F18D-AA0F-4801-A417-17B62E438E00}"
EndProject
Project("{9A19103F-16F7-4668-BE54-9A1E7A4F7556}") = "Final", "ChallengeProject\Final\Final.csproj", "{DE6756C4-9D99-4914-8E0B-4FEEC8F5ED3E}"
EndProject
Project("{9A19103F-16F7-4668-BE54-9A1E7A4F7556}") = "Starter", "ChallengeProject\Starter\Starter.csproj", "{856E4DB4-2621-4A4A-9DDA-DF439F835C2B}"
EndProject
Global
	GlobalSection(SolutionConfigurationPlatforms) = preSolution
		Debug|Any CPU = Debug|Any CPU
		Release|Any CPU = Release|Any CPU
	EndGlobalSection
	GlobalSection(ProjectConfigurationPlatforms) = postSolution
		{DE6756C4-9D99-4914-8E0B-4FEEC8F5ED3E}.Debug|Any CPU.ActiveCfg = Debug|Any CPU
		{DE6756C4-9D99-4914-8E0B-4FEEC8F5ED3E}.Debug|Any CPU.Build.0 = Debug|Any CPU
		{DE6756C4-9D99-4914-8E0B-4FEEC8F5ED3E}.Release|Any CPU.ActiveCfg = Release|Any CPU
		{DE6756C4-9D99-4914-8E0B-4FEEC8F5ED3E}.Release|Any CPU.Build.0 = Release|Any CPU
		{856E4DB4-2621-4A4A-9DDA-DF439F835C2B}.Debug|Any CPU.ActiveCfg = Debug|Any CPU
		{856E4DB4-2621-4A4A-9DDA-DF439F835C2B}.Debug|Any CPU.Build.0 = Debug|Any CPU
		{856E4DB4-2621-4A4A-9DDA-DF439F835C2B}.Release|Any CPU.ActiveCfg = Release|Any CPU
		{856E4DB4-2621-4A4A-9DDA-DF439F835C2B}.Release|Any CPU.Build.0 = Release|Any CPU
	EndGlobalSection
	GlobalSection(SolutionProperties) = preSolution
		HideSolutionNode = FALSE
	EndGlobalSection
	GlobalSection(NestedProjects) = preSolution
		{DE6756C4-9D99-4914-8E0B-4FEEC8F5ED3E} = {62E5F18D-AA0F-4801-A417-17B62E438E00}
		{856E4DB4-2621-4A4A-9DDA-DF439F835C2B} = {62E5F18D-AA0F-4801-A417-17B62E438E00}
	EndGlobalSection
	GlobalSection(ExtensibilityGlobals) = postSolution
		SolutionGuid = {BF2F5796-4168-48E3-A69C-84110554BC49}
	EndGlobalSection
EndGlobal
