
Microsoft Visual Studio Solution File, Format Version 12.00
# Visual Studio Version 16
VisualStudioVersion = 16.0.33920.266
MinimumVisualStudioVersion = 10.0.40219.1
Project("{FAE04EC0-301F-11D3-BF4B-00C04F79EFBC}") = "TwentyOne.cs", "TwentyOne.cs\TwentyOne.cs.csproj", "{E27291A4-9B0D-41B2-8AAF-3FF8E0A49A64}"
EndProject
Project("{FAE04EC0-301F-11D3-BF4B-00C04F79EFBC}") = "Casino", "Casino\Casino.csproj", "{C52EE29E-003F-4ADA-AB5C-16EB147269FF}"
EndProject
Global
	GlobalSection(SolutionConfigurationPlatforms) = preSolution
		Debug|Any CPU = Debug|Any CPU
		Release|Any CPU = Release|Any CPU
	EndGlobalSection
	GlobalSection(ProjectConfigurationPlatforms) = postSolution
		{E27291A4-9B0D-41B2-8AAF-3FF8E0A49A64}.Debug|Any CPU.ActiveCfg = Debug|Any CPU
		{E27291A4-9B0D-41B2-8AAF-3FF8E0A49A64}.Debug|Any CPU.Build.0 = Debug|Any CPU
		{E27291A4-9B0D-41B2-8AAF-3FF8E0A49A64}.Release|Any CPU.ActiveCfg = Release|Any CPU
		{E27291A4-9B0D-41B2-8AAF-3FF8E0A49A64}.Release|Any CPU.Build.0 = Release|Any CPU
		{C52EE29E-003F-4ADA-AB5C-16EB147269FF}.Debug|Any CPU.ActiveCfg = Debug|Any CPU
		{C52EE29E-003F-4ADA-AB5C-16EB147269FF}.Debug|Any CPU.Build.0 = Debug|Any CPU
		{C52EE29E-003F-4ADA-AB5C-16EB147269FF}.Release|Any CPU.ActiveCfg = Release|Any CPU
		{C52EE29E-003F-4ADA-AB5C-16EB147269FF}.Release|Any CPU.Build.0 = Release|Any CPU
	EndGlobalSection
	GlobalSection(SolutionProperties) = preSolution
		HideSolutionNode = FALSE
	EndGlobalSection
	GlobalSection(ExtensibilityGlobals) = postSolution
		SolutionGuid = {33480459-4EFB-448C-A183-592766B46238}
	EndGlobalSection
EndGlobal
