
Microsoft Visual Studio Solution File, Format Version 12.00
# Visual Studio Version 16
VisualStudioVersion = 16.0.33920.266
MinimumVisualStudioVersion = 10.0.40219.1
Project("{FAE04EC0-301F-11D3-BF4B-00C04F79EFBC}") = "InsuranceApproval.cs", "InsuranceApproval.cs\InsuranceApproval.cs.csproj", "{4E9A7BAC-85BF-4B29-A41D-F4803AA5C0DA}"
EndProject
Global
	GlobalSection(SolutionConfigurationPlatforms) = preSolution
		Debug|Any CPU = Debug|Any CPU
		Release|Any CPU = Release|Any CPU
	EndGlobalSection
	GlobalSection(ProjectConfigurationPlatforms) = postSolution
		{4E9A7BAC-85BF-4B29-A41D-F4803AA5C0DA}.Debug|Any CPU.ActiveCfg = Debug|Any CPU
		{4E9A7BAC-85BF-4B29-A41D-F4803AA5C0DA}.Debug|Any CPU.Build.0 = Debug|Any CPU
		{4E9A7BAC-85BF-4B29-A41D-F4803AA5C0DA}.Release|Any CPU.ActiveCfg = Release|Any CPU
		{4E9A7BAC-85BF-4B29-A41D-F4803AA5C0DA}.Release|Any CPU.Build.0 = Release|Any CPU
	EndGlobalSection
	GlobalSection(SolutionProperties) = preSolution
		HideSolutionNode = FALSE
	EndGlobalSection
	GlobalSection(ExtensibilityGlobals) = postSolution
		SolutionGuid = {E475F90B-D1E6-47B0-BA2B-E7AD22BF0DDA}
	EndGlobalSection
EndGlobal
