
Microsoft Visual Studio Solution File, Format Version 12.00
# Visual Studio Version 16
VisualStudioVersion = 16.0.33920.266
MinimumVisualStudioVersion = 10.0.40219.1
Project("{FAE04EC0-301F-11D3-BF4B-00C04F79EFBC}") = "ArrayAssignment.cs", "ArrayAssignment.cs\ArrayAssignment.cs.csproj", "{5FCE9C03-22BF-40C7-BAC2-499C31AFECC6}"
EndProject
Global
	GlobalSection(SolutionConfigurationPlatforms) = preSolution
		Debug|Any CPU = Debug|Any CPU
		Release|Any CPU = Release|Any CPU
	EndGlobalSection
	GlobalSection(ProjectConfigurationPlatforms) = postSolution
		{5FCE9C03-22BF-40C7-BAC2-499C31AFECC6}.Debug|Any CPU.ActiveCfg = Debug|Any CPU
		{5FCE9C03-22BF-40C7-BAC2-499C31AFECC6}.Debug|Any CPU.Build.0 = Debug|Any CPU
		{5FCE9C03-22BF-40C7-BAC2-499C31AFECC6}.Release|Any CPU.ActiveCfg = Release|Any CPU
		{5FCE9C03-22BF-40C7-BAC2-499C31AFECC6}.Release|Any CPU.Build.0 = Release|Any CPU
	EndGlobalSection
	GlobalSection(SolutionProperties) = preSolution
		HideSolutionNode = FALSE
	EndGlobalSection
	GlobalSection(ExtensibilityGlobals) = postSolution
		SolutionGuid = {FD46D2C6-0A74-4F93-8160-AE1135ED75B7}
	EndGlobalSection
EndGlobal
