
Microsoft Visual Studio Solution File, Format Version 12.00
# Visual Studio Version 16
VisualStudioVersion = 16.0.33920.266
MinimumVisualStudioVersion = 10.0.40219.1
Project("{FAE04EC0-301F-11D3-BF4B-00C04F79EFBC}") = "ExceptionHandling.cs", "ExceptionHandling.cs\ExceptionHandling.cs.csproj", "{2FC41D82-EC1B-498B-8C7E-0C02F16BF724}"
EndProject
Global
	GlobalSection(SolutionConfigurationPlatforms) = preSolution
		Debug|Any CPU = Debug|Any CPU
		Release|Any CPU = Release|Any CPU
	EndGlobalSection
	GlobalSection(ProjectConfigurationPlatforms) = postSolution
		{2FC41D82-EC1B-498B-8C7E-0C02F16BF724}.Debug|Any CPU.ActiveCfg = Debug|Any CPU
		{2FC41D82-EC1B-498B-8C7E-0C02F16BF724}.Debug|Any CPU.Build.0 = Debug|Any CPU
		{2FC41D82-EC1B-498B-8C7E-0C02F16BF724}.Release|Any CPU.ActiveCfg = Release|Any CPU
		{2FC41D82-EC1B-498B-8C7E-0C02F16BF724}.Release|Any CPU.Build.0 = Release|Any CPU
	EndGlobalSection
	GlobalSection(SolutionProperties) = preSolution
		HideSolutionNode = FALSE
	EndGlobalSection
	GlobalSection(ExtensibilityGlobals) = postSolution
		SolutionGuid = {0B7F6B2F-BA7B-4A15-98CA-7B60CB92F03D}
	EndGlobalSection
EndGlobal
