
Microsoft Visual Studio Solution File, Format Version 12.00
# Visual Studio Version 16
VisualStudioVersion = 16.0.33920.266
MinimumVisualStudioVersion = 10.0.40219.1
Project("{FAE04EC0-301F-11D3-BF4B-00C04F79EFBC}") = "AbstractClassAssignment.cs", "AbstractClassAssignment.cs\AbstractClassAssignment.cs.csproj", "{0D2386EC-B772-47D7-B103-229BE9B1CCA5}"
EndProject
Global
	GlobalSection(SolutionConfigurationPlatforms) = preSolution
		Debug|Any CPU = Debug|Any CPU
		Release|Any CPU = Release|Any CPU
	EndGlobalSection
	GlobalSection(ProjectConfigurationPlatforms) = postSolution
		{0D2386EC-B772-47D7-B103-229BE9B1CCA5}.Debug|Any CPU.ActiveCfg = Debug|Any CPU
		{0D2386EC-B772-47D7-B103-229BE9B1CCA5}.Debug|Any CPU.Build.0 = Debug|Any CPU
		{0D2386EC-B772-47D7-B103-229BE9B1CCA5}.Release|Any CPU.ActiveCfg = Release|Any CPU
		{0D2386EC-B772-47D7-B103-229BE9B1CCA5}.Release|Any CPU.Build.0 = Release|Any CPU
	EndGlobalSection
	GlobalSection(SolutionProperties) = preSolution
		HideSolutionNode = FALSE
	EndGlobalSection
	GlobalSection(ExtensibilityGlobals) = postSolution
		SolutionGuid = {12DA54E3-9E10-43F2-AFFF-BBC2FE6FB0FB}
	EndGlobalSection
EndGlobal
