
Microsoft Visual Studio Solution File, Format Version 12.00
# Visual Studio Version 16
VisualStudioVersion = 16.0.33920.266
MinimumVisualStudioVersion = 10.0.40219.1
Project("{FAE04EC0-301F-11D3-BF4B-00C04F79EFBC}") = "StringFunctions.cs", "StringFunctions.cs\StringFunctions.cs.csproj", "{40363599-4B54-4E49-BC68-5EE1058FDAA0}"
EndProject
Global
	GlobalSection(SolutionConfigurationPlatforms) = preSolution
		Debug|Any CPU = Debug|Any CPU
		Release|Any CPU = Release|Any CPU
	EndGlobalSection
	GlobalSection(ProjectConfigurationPlatforms) = postSolution
		{40363599-4B54-4E49-BC68-5EE1058FDAA0}.Debug|Any CPU.ActiveCfg = Debug|Any CPU
		{40363599-4B54-4E49-BC68-5EE1058FDAA0}.Debug|Any CPU.Build.0 = Debug|Any CPU
		{40363599-4B54-4E49-BC68-5EE1058FDAA0}.Release|Any CPU.ActiveCfg = Release|Any CPU
		{40363599-4B54-4E49-BC68-5EE1058FDAA0}.Release|Any CPU.Build.0 = Release|Any CPU
	EndGlobalSection
	GlobalSection(SolutionProperties) = preSolution
		HideSolutionNode = FALSE
	EndGlobalSection
	GlobalSection(ExtensibilityGlobals) = postSolution
		SolutionGuid = {DDAD9D88-5082-401F-B274-68BCF4C39680}
	EndGlobalSection
EndGlobal
